github.com/Microsoft/go-winio v0.6.2 h1:F2VQgta7ecxGYO8k3ZZz3RS8fVIXVxONVUPlNERoyfY=
github.com/Microsoft/go-winio v0.6.2/go.mod h1:yd8OoFMLzJbo9gZq8j5qaps8bJ9aShtEA8Ipt1oGCvU=
github.com/openabstractions/abstraction-cas/go v0.1.0 h1:smjhUOI1+q5lGRgSVBDJL+aJIEknADcZyhfBUKZR/K4=
github.com/openabstractions/abstraction-cas/go v0.1.0/go.mod h1:uCqBVttRdaxJX8BgB2SiuvWds/at5N5A20QBE3IK8S4=
github.com/openabstractions/abstraction-config/go v0.1.1 h1:+JOzbhoTkw6bszw3TyPAakpXzl45QhFz5e8yNWhoZtE=
github.com/openabstractions/abstraction-config/go v0.1.1/go.mod h1:kX/63sRgGsumH0Htxfsek8igiKAKstXm6l9P8b1qpek=
github.com/openabstractions/abstraction-download/go v0.2.1 h1:uWUvynn53ABqLJ0svm8+i8WMC7LX3+Z/F7B6Z9jZnDM=
github.com/openabstractions/abstraction-download/go v0.2.1/go.mod h1:QcF4xp/INenh09OmfOhMu2Bg8Ig6bPdpOFRSrVd5WWU=
github.com/openabstractions/abstraction-identity v0.0.0-20260907232109-8e2db4f8bdbf h1:P69eC8OXKetZ8+8pG9bEUfecLC0fPmR3JEDRsPOMQHI=
github.com/openabstractions/abstraction-identity v0.0.0-20260907232109-8e2db4f8bdbf/go.mod h1:gv5sDQuTQqv/UY+fXY5Q74i1junNIEvf/5UsZxMxwKY=
github.com/openabstractions/abstraction-job/go v0.2.0 h1:3lc2wC3+RJ5m3sB3YxvGJdk1ppHY6ev6MuWSxyXQf28=
github.com/openabstractions/abstraction-job/go v0.2.0/go.mod h1:16GKaITbcqzngGGxkR93u6S/B+dDNFOwcyxbH789QeU=
github.com/openabstractions/abstraction-storage/go v0.1.1-0.20260906175707-b650246931fd h1:vayVWw3OUIXCEaTm/d+s0PCzrBdu+aOHbfTHN4mhb+o=
github.com/openabstractions/abstraction-storage/go v0.1.1-0.20260906175707-b650246931fd/go.mod h1:PItn7cCxymHmeRpLp1nCb3nNc0NBJFVfbcMo4AGiOTE=
github.com/openabstractions/abstraction-watch/go v0.1.0 h1:DJng9eVC2vm2w65zIc5nL51k1kOqlHM2vf+EVv3AQaA=
github.com/openabstractions/abstraction-watch/go v0.1.0/go.mod h1:RF56LZfdbxZj/UU7fKbOAOGIHPeLJlIQxPrX+EN0Rj4=
golang.org/x/sys v0.47.0 h1:o7XGOvZQCADBQQ4Y7VNq2dRWQR7JmOUW8Kxx4ZsNgWs=
golang.org/x/sys v0.47.0/go.mod h1:4GL1E5IUh+htKOUEOaiffhrAeqysfVGipDYzABqnCmw=
