github.com/openabstractions/abstraction-cas/go v0.2.0 h1:p9oKcdfO2ogoWh59G+gUivIzsi/zuhhGobZjkqIrbaE=
github.com/openabstractions/abstraction-cas/go v0.2.0/go.mod h1:pR8sRTbXF3k7fiXNjNiBqqc7i0Wu9RQvctH3q/wKUYo=
github.com/openabstractions/abstraction-config/go v0.3.0 h1:qzNZLP3BsLZDXrvO+CzUvXRyz3wRkJr+7bpiGAGfrHo=
github.com/openabstractions/abstraction-config/go v0.3.0/go.mod h1:HCXZv8Pv5dKLAhIPHLn8O90eAgxebYXzOw6UA+n2nUE=
github.com/openabstractions/abstraction-download/go v0.4.1 h1:nUM5Dn3+34wd4non3gT82aBGNStXp1SvPkZyqSQluJs=
github.com/openabstractions/abstraction-download/go v0.4.1/go.mod h1:oFL8ei7KUI+zRN2drC593eyu8NFwGZqWFuvLRXMSvg8=
github.com/openabstractions/abstraction-identity v0.1.0 h1:LtK+bZny4Dk9MVbo/E91C68+D0XGJSW+h1vHpNCrBuQ=
github.com/openabstractions/abstraction-identity v0.1.0/go.mod h1:gv5sDQuTQqv/UY+fXY5Q74i1junNIEvf/5UsZxMxwKY=
github.com/openabstractions/abstraction-job/go v0.4.1 h1:sedWnM1lh/f2BLw1AUR+oKE/vI1Co9DyPruP6LRm68g=
github.com/openabstractions/abstraction-job/go v0.4.1/go.mod h1:WpdoOijYPoxt8OtVT49bhdEA8Kr9FVPmP7VPvFr4NvU=
github.com/openabstractions/abstraction-storage/go v0.2.0 h1:aVg7v4gkftC83CJmdJeZzPNifvd5YB+uSl3RYaiEfzE=
github.com/openabstractions/abstraction-storage/go v0.2.0/go.mod h1:S2IM4HhwA+cSjGqjD0b2k8QWVxj5nrlutqbUr6lz9I4=
github.com/openabstractions/abstraction-watch/go v0.2.0 h1:+iVl7EYugkQwyGtHBCFKGAfbFlngxS5CIbBk7ilXdWM=
github.com/openabstractions/abstraction-watch/go v0.2.0/go.mod h1:kufwl+bMSixuEwA5r1rftuCLm+JTrXr1NiJ2d0VI9K8=
golang.org/x/sys v0.47.0 h1:o7XGOvZQCADBQQ4Y7VNq2dRWQR7JmOUW8Kxx4ZsNgWs=
golang.org/x/sys v0.47.0/go.mod h1:4GL1E5IUh+htKOUEOaiffhrAeqysfVGipDYzABqnCmw=
