github.com/openabstractions/abstraction-cas/go v0.3.1-0.20260913090841-c64b42cc8460 h1:SBxt9Plm32SODCadmcy6HbCvOFcczkrJUC3nyrXaRl4=
github.com/openabstractions/abstraction-cas/go v0.3.1-0.20260913090841-c64b42cc8460/go.mod h1:pR8sRTbXF3k7fiXNjNiBqqc7i0Wu9RQvctH3q/wKUYo=
github.com/openabstractions/abstraction-config/go v0.3.1-0.20260913090930-b42c90e2f37f h1:mw93wK7fiw2sxntzICs92ea2WWromRMwv9ppL9vAba4=
github.com/openabstractions/abstraction-config/go v0.3.1-0.20260913090930-b42c90e2f37f/go.mod h1:72nKdZLB5BEE8LxNRzluRDT2ZCv0GrxcU4mujUG4gI8=
github.com/openabstractions/abstraction-download/go v0.4.3-0.20260913091021-e63ec18a0e2b h1:+r/jgQKUYjwJhp75vRKvm4ujFiL+YTgZB4t1O5IDhMM=
github.com/openabstractions/abstraction-download/go v0.4.3-0.20260913091021-e63ec18a0e2b/go.mod h1:3F2HSO8Q7IJeAO8Rhiv9wtPqhPBBZdb+wS3IVcAyhi4=
github.com/openabstractions/abstraction-identity v0.2.1-0.20260913090829-6916ad75b439 h1:9PqB++JMmCtBi5B02yJzvei4lTMbmYPp11/nn7AJMD0=
github.com/openabstractions/abstraction-identity v0.2.1-0.20260913090829-6916ad75b439/go.mod h1:gv5sDQuTQqv/UY+fXY5Q74i1junNIEvf/5UsZxMxwKY=
github.com/openabstractions/abstraction-job/go v0.4.3-0.20260913090942-06eddccb1ffe h1:4pKvrLGwl8/r2upmSILo+fOjYcPSHOEl43XHOM40X48=
github.com/openabstractions/abstraction-job/go v0.4.3-0.20260913090942-06eddccb1ffe/go.mod h1:aRQv5YUZDvWJtlRMPU3Fj62whnxPWjtq4zId6gYl4As=
github.com/openabstractions/abstraction-storage/go v0.2.1-0.20260913090905-d7092ee93ef9 h1:cWAyFleAkimVQSLACKsjqcq0zDe3CEBRRkA1/ROE8UA=
github.com/openabstractions/abstraction-storage/go v0.2.1-0.20260913090905-d7092ee93ef9/go.mod h1:HSvPCLbJTdOOmOpRu/UQkOs3Xp4PuTZmYimtSbE1t00=
github.com/openabstractions/abstraction-watch/go v0.2.1-0.20260913090853-0286faef3daa h1:FemEqfj7jHfNSHYrS5OPE38tFt0qmW2JLLYgZe9eh20=
github.com/openabstractions/abstraction-watch/go v0.2.1-0.20260913090853-0286faef3daa/go.mod h1:kufwl+bMSixuEwA5r1rftuCLm+JTrXr1NiJ2d0VI9K8=
golang.org/x/sys v0.47.0 h1:o7XGOvZQCADBQQ4Y7VNq2dRWQR7JmOUW8Kxx4ZsNgWs=
golang.org/x/sys v0.47.0/go.mod h1:4GL1E5IUh+htKOUEOaiffhrAeqysfVGipDYzABqnCmw=
